{
  "name": "mcp-server-obs",
  "lockfileVersion": 3,
  "requires": true,
  "packages": {
    "": {
      "devDependencies": {
        "@types/vscode": "^1.140.0"
      }
    },
    "node_modules/@types/vscode": {
      "version": "1.140.0",
      "resolved": "https://registry.npmjs.org/@types/vscode/-/vscode-1.140.0.tgz",
      "integrity": "sha512-KAB5RBZIgnUhpp4mKsVJPPHLOQKu6WtGy2xpfWjaajEXO4xIIC+UESAXLiQ9ewx6QD1uBmvC/S8BJzkbvv4bRA==",
      "dev": true,
      "license": "MIT"
    }
  }
}
